
Microsoft Visual Studio Solution File, Format Version 12.00
# Visual Studio Version 17
VisualStudioVersion = 17.6.33829.357
MinimumVisualStudioVersion = 10.0.40219.1
Project("{FAE04EC0-301F-11D3-BF4B-00C04F79EFBC}") = "Hiatme Server", "Hiatme Server\Hiatme Server.csproj", "{4C35AF9F-0484-4D05-8445-A646219961B0}"
EndProject
Global
	GlobalSection(SolutionConfigurationPlatforms) = preSolution
		Debug|Any CPU = Debug|Any CPU
		Release|Any CPU = Release|Any CPU
	EndGlobalSection
	GlobalSection(ProjectConfigurationPlatforms) = postSolution
		{4C35AF9F-0484-4D05-8445-A646219961B0}.Debug|Any CPU.ActiveCfg = Debug|Any CPU
		{4C35AF9F-0484-4D05-8445-A646219961B0}.Debug|Any CPU.Build.0 = Debug|Any CPU
		{4C35AF9F-0484-4D05-8445-A646219961B0}.Release|Any CPU.ActiveCfg = Release|Any CPU
		{4C35AF9F-0484-4D05-8445-A646219961B0}.Release|Any CPU.Build.0 = Release|Any CPU
	EndGlobalSection
	GlobalSection(SolutionProperties) = preSolution
		HideSolutionNode = FALSE
	EndGlobalSection
	GlobalSection(ExtensibilityGlobals) = postSolution
		SolutionGuid = {71D09588-C3CA-47DC-8003-03149B775017}
	EndGlobalSection
EndGlobal
